PODS:
  - BalloonUI (0.1.0):
    - Cartography
  - Cartography (0.6.0)
  - Measure (0.1.1)
  - Reusable (2.4.0):
    - Reusable/Storyboard (= 2.4.0)
    - Reusable/View (= 2.4.0)
  - Reusable/Storyboard (2.4.0)
  - Reusable/View (2.4.0)
  - Reveal-iOS-SDK (1.6.2)
  - SwiftyJSON (2.3.2)
  - TextAttributes (0.3.1)
  - TextAttributesUtil (0.1.1):
    - TextAttributes (~> 0.3)
  - Then (1.0.3)
  - ViewSizeCalculator (0.1.0)

DEPENDENCIES:
  - BalloonUI (from `../`)
  - Cartography
  - Measure
  - Reusable
  - Reveal-iOS-SDK
  - SwiftyJSON
  - TextAttributesUtil
  - Then
  - ViewSizeCalculator

EXTERNAL SOURCES:
  BalloonUI:
    :path: "../"

SPEC CHECKSUMS:
  BalloonUI: 5e544b753b87565442080ae7f6567260392672e2
  Cartography: 70af183a248547694a8cfaa6b989cb7e04589985
  Measure: 52588f43f4d1ef22ab4ea3c77ea147225587b09c
  Reusable: c23110dd77e6d3cb2ee2197289ef5e21005ba8f0
  Reveal-iOS-SDK: e2250b3c155bcfac53ae223ddc1f76d08f206c33
  SwiftyJSON: 04ccea08915aa0109039157c7974cf0298da292a
  TextAttributes: b43233c6356a72f1c1e483d5bda694535432a4be
  TextAttributesUtil: 7ecad02c7cdf68f57f7e98f3578442fcc833e97d
  Then: c2502b763132c80dfa64d325065d70c45e2d48ca
  ViewSizeCalculator: 9986a89bc4edecc795f7a2acdc61c3e683baf8c1

PODFILE CHECKSUM: eafcb96ca2bacce855d15639a9f01545a3f6c67c

COCOAPODS: 1.0.1
