PODS:
  - BalloonUI (0.1.0):
    - Cartography
  - Cartography (0.6.0)
  - Reusable (2.4.0):
    - Reusable/Storyboard (= 2.4.0)
    - Reusable/View (= 2.4.0)
  - Reusable/Storyboard (2.4.0)
  - Reusable/View (2.4.0)
  - SwiftyJSON (2.3.2)
  - TextAttributes (0.3.1)
  - TextAttributesUtil (0.1.1):
    - TextAttributes (~> 0.3)
  - Then (1.0.3)
  - ViewSizeCalculator (0.1.0)

DEPENDENCIES:
  - BalloonUI (from `../`)
  - Cartography
  - Reusable
  - SwiftyJSON
  - TextAttributesUtil
  - Then
  - ViewSizeCalculator

EXTERNAL SOURCES:
  BalloonUI:
    :path: "../"

SPEC CHECKSUMS:
  BalloonUI: bdc2a458ac26402152563015000934cdb1a5ffda
  Cartography: 70af183a248547694a8cfaa6b989cb7e04589985
  Reusable: c23110dd77e6d3cb2ee2197289ef5e21005ba8f0
  SwiftyJSON: 04ccea08915aa0109039157c7974cf0298da292a
  TextAttributes: b43233c6356a72f1c1e483d5bda694535432a4be
  TextAttributesUtil: 7ecad02c7cdf68f57f7e98f3578442fcc833e97d
  Then: c2502b763132c80dfa64d325065d70c45e2d48ca
  ViewSizeCalculator: 9986a89bc4edecc795f7a2acdc61c3e683baf8c1

PODFILE CHECKSUM: 423cac7f882d02fa59ef593b4fcc28b1e78a5100

COCOAPODS: 1.0.1
